
Microsoft Visual Studio Solution File, Format Version 12.00
# Visual Studio Version 17
VisualStudioVersion = 17.0.31903.59
MinimumVisualStudioVersion = 10.0.40219.1
Project("{FAE04EC0-301F-11D3-BF4B-00C04F79EFBC}") = "CustomerPortal", "CustomerPortal\CustomerPortal.csproj", "{18904E7A-9633-4C15-A323-8184BF9C3C5E}"
EndProject
Project("{FAE04EC0-301F-11D3-BF4B-00C04F79EFBC}") = "AdminApi", "AdminApi\AdminApi.csproj", "{74F2AF12-660C-464E-813B-BA5EEB331799}"
EndProject
Project("{FAE04EC0-301F-11D3-BF4B-00C04F79EFBC}") = "AdminPortal", "AdminPortal\AdminPortal.csproj", "{FD079748-D7B0-43E8-9AD6-CF4BCCE19B02}"
EndProject
Global
	GlobalSection(SolutionConfigurationPlatforms) = preSolution
		Debug|Any CPU = Debug|Any CPU
		Debug|x64 = Debug|x64
		Debug|x86 = Debug|x86
		Release|Any CPU = Release|Any CPU
		Release|x64 = Release|x64
		Release|x86 = Release|x86
	EndGlobalSection
	GlobalSection(ProjectConfigurationPlatforms) = postSolution
		{18904E7A-9633-4C15-A323-8184BF9C3C5E}.Debug|Any CPU.ActiveCfg = Debug|Any CPU
		{18904E7A-9633-4C15-A323-8184BF9C3C5E}.Debug|Any CPU.Build.0 = Debug|Any CPU
		{18904E7A-9633-4C15-A323-8184BF9C3C5E}.Debug|x64.ActiveCfg = Debug|Any CPU
		{18904E7A-9633-4C15-A323-8184BF9C3C5E}.Debug|x64.Build.0 = Debug|Any CPU
		{18904E7A-9633-4C15-A323-8184BF9C3C5E}.Debug|x86.ActiveCfg = Debug|Any CPU
		{18904E7A-9633-4C15-A323-8184BF9C3C5E}.Debug|x86.Build.0 = Debug|Any CPU
		{18904E7A-9633-4C15-A323-8184BF9C3C5E}.Release|Any CPU.ActiveCfg = Release|Any CPU
		{18904E7A-9633-4C15-A323-8184BF9C3C5E}.Release|Any CPU.Build.0 = Release|Any CPU
		{18904E7A-9633-4C15-A323-8184BF9C3C5E}.Release|x64.ActiveCfg = Release|Any CPU
		{18904E7A-9633-4C15-A323-8184BF9C3C5E}.Release|x64.Build.0 = Release|Any CPU
		{18904E7A-9633-4C15-A323-8184BF9C3C5E}.Release|x86.ActiveCfg = Release|Any CPU
		{18904E7A-9633-4C15-A323-8184BF9C3C5E}.Release|x86.Build.0 = Release|Any CPU
		{74F2AF12-660C-464E-813B-BA5EEB331799}.Debug|Any CPU.ActiveCfg = Debug|Any CPU
		{74F2AF12-660C-464E-813B-BA5EEB331799}.Debug|Any CPU.Build.0 = Debug|Any CPU
		{74F2AF12-660C-464E-813B-BA5EEB331799}.Debug|x64.ActiveCfg = Debug|Any CPU
		{74F2AF12-660C-464E-813B-BA5EEB331799}.Debug|x64.Build.0 = Debug|Any CPU
		{74F2AF12-660C-464E-813B-BA5EEB331799}.Debug|x86.ActiveCfg = Debug|Any CPU
		{74F2AF12-660C-464E-813B-BA5EEB331799}.Debug|x86.Build.0 = Debug|Any CPU
		{74F2AF12-660C-464E-813B-BA5EEB331799}.Release|Any CPU.ActiveCfg = Release|Any CPU
		{74F2AF12-660C-464E-813B-BA5EEB331799}.Release|Any CPU.Build.0 = Release|Any CPU
		{74F2AF12-660C-464E-813B-BA5EEB331799}.Release|x64.ActiveCfg = Release|Any CPU
		{74F2AF12-660C-464E-813B-BA5EEB331799}.Release|x64.Build.0 = Release|Any CPU
		{74F2AF12-660C-464E-813B-BA5EEB331799}.Release|x86.ActiveCfg = Release|Any CPU
		{74F2AF12-660C-464E-813B-BA5EEB331799}.Release|x86.Build.0 = Release|Any CPU
		{FD079748-D7B0-43E8-9AD6-CF4BCCE19B02}.Debug|Any CPU.ActiveCfg = Debug|Any CPU
		{FD079748-D7B0-43E8-9AD6-CF4BCCE19B02}.Debug|Any CPU.Build.0 = Debug|Any CPU
		{FD079748-D7B0-43E8-9AD6-CF4BCCE19B02}.Debug|x64.ActiveCfg = Debug|Any CPU
		{FD079748-D7B0-43E8-9AD6-CF4BCCE19B02}.Debug|x64.Build.0 = Debug|Any CPU
		{FD079748-D7B0-43E8-9AD6-CF4BCCE19B02}.Debug|x86.ActiveCfg = Debug|Any CPU
		{FD079748-D7B0-43E8-9AD6-CF4BCCE19B02}.Debug|x86.Build.0 = Debug|Any CPU
		{FD079748-D7B0-43E8-9AD6-CF4BCCE19B02}.Release|Any CPU.ActiveCfg = Release|Any CPU
		{FD079748-D7B0-43E8-9AD6-CF4BCCE19B02}.Release|Any CPU.Build.0 = Release|Any CPU
		{FD079748-D7B0-43E8-9AD6-CF4BCCE19B02}.Release|x64.ActiveCfg = Release|Any CPU
		{FD079748-D7B0-43E8-9AD6-CF4BCCE19B02}.Release|x64.Build.0 = Release|Any CPU
		{FD079748-D7B0-43E8-9AD6-CF4BCCE19B02}.Release|x86.ActiveCfg = Release|Any CPU
		{FD079748-D7B0-43E8-9AD6-CF4BCCE19B02}.Release|x86.Build.0 = Release|Any CPU
	EndGlobalSection
	GlobalSection(SolutionProperties) = preSolution
		HideSolutionNode = FALSE
	EndGlobalSection
EndGlobal
